# THIS IS AN AUTOGENERATED FILE. DO NOT EDIT THIS FILE DIRECTLY.
# yarn lockfile v1


Set@^0.4.1:
  version "0.4.1"
  resolved "https://registry.yarnpkg.com/Set/-/Set-0.4.1.tgz#8385587be9863e49d2ffd7a85e1a1e4b11633ca6"

a-star@^0.2.0:
  version "0.2.0"
  resolved "https://registry.yarnpkg.com/a-star/-/a-star-0.2.0.tgz#a1423c830c3bf9a259d490bfbf2710e792f044f9"
  dependencies:
    Set "^0.4.1"
    dict "^1.4.0"
    heap "^0.2.3"

dict@^1.4.0:
  version "1.4.0"
  resolved "https://registry.yarnpkg.com/dict/-/dict-1.4.0.tgz#83d87d57cf0c4ac0d834608448b10a6e23bbfea0"

heap@^0.2.3:
  version "0.2.6"
  resolved "https://registry.yarnpkg.com/heap/-/heap-0.2.6.tgz#087e1f10b046932fc8594dd9e6d378afc9d1e5ac"

immutable@^3.8.1:
  version "3.8.1"
  resolved "https://registry.yarnpkg.com/immutable/-/immutable-3.8.1.tgz#200807f11ab0f72710ea485542de088075f68cd2"
